// !$*UTF8*$!
{
	archiveVersion = 1;
	classes = {
	};
	objectVersion = 56;
	objects = {

/* Begin PBXBuildFile section */
		18AE7EC92BB1554D008A3B6E /* AppDelegate.swift in Sources */ = {isa = PBXBuildFile; fileRef = 18AE7EC82BB1554D008A3B6E /* AppDelegate.swift */; };
		18AE7ECB2BB1554D008A3B6E /* SceneDelegate.swift in Sources */ = {isa = PBXBuildFile; fileRef = 18AE7ECA2BB1554D008A3B6E /* SceneDelegate.swift */; };
		18AE7ECD2BB1554D008A3B6E /* DeckListViewController.swift in Sources */ = {isa = PBXBuildFile; fileRef = 18AE7ECC2BB1554D008A3B6E /* DeckListViewController.swift */; };
		18AE7ED32BB1554D008A3B6E /* Memorize.xcdatamodeld in Sources */ = {isa = PBXBuildFile; fileRef = 18AE7ED12BB1554D008A3B6E /* Memorize.xcdatamodeld */; };
		18AE7ED52BB1554F008A3B6E /* Assets.xcassets in Resources */ = {isa = PBXBuildFile; fileRef = 18AE7ED42BB1554F008A3B6E /* Assets.xcassets */; };
		18AE7ED82BB1554F008A3B6E /* LaunchScreen.storyboard in Resources */ = {isa = PBXBuildFile; fileRef = 18AE7ED62BB1554F008A3B6E /* LaunchScreen.storyboard */; };
		18AE7EE82BB1674C008A3B6E /* DeckTableViewCell.swift in Sources */ = {isa = PBXBuildFile; fileRef = 18AE7EE72BB1674C008A3B6E /* DeckTableViewCell.swift */; };
		18AE7EEB2BB169D5008A3B6E /* UIViewPreview.swift in Sources */ = {isa = PBXBuildFile; fileRef = 18AE7EEA2BB169D5008A3B6E /* UIViewPreview.swift */; };
		18AE7EED2BB16AB8008A3B6E /* UIViewControllerPreview.swift in Sources */ = {isa = PBXBuildFile; fileRef = 18AE7EEC2BB16AB8008A3B6E /* UIViewControllerPreview.swift */; };
		18AE7EF02BB16D53008A3B6E /* SnapKit in Frameworks */ = {isa = PBXBuildFile; productRef = 18AE7EEF2BB16D53008A3B6E /* SnapKit */; };
		18AE7EF32BB1705E008A3B6E /* AppResource.swift in Sources */ = {isa = PBXBuildFile; fileRef = 18AE7EF22BB1705E008A3B6E /* AppResource.swift */; };
/* End PBXBuildFile section */

/* Begin PBXFileReference section */
		18AE7EC52BB1554D008A3B6E /* Memorize.app */ = {isa = PBXFileReference; explicitFileType = wrapper.application; includeInIndex = 0; path = Memorize.app; sourceTree = BUILT_PRODUCTS_DIR; };
		18AE7EC82BB1554D008A3B6E /* AppDelegate.swift */ = {isa = PBXFileReference; lastKnownFileType = sourcecode.swift; path = AppDelegate.swift; sourceTree = "<group>"; };
		18AE7ECA2BB1554D008A3B6E /* SceneDelegate.swift */ = {isa = PBXFileReference; lastKnownFileType = sourcecode.swift; path = SceneDelegate.swift; sourceTree = "<group>"; };
		18AE7ECC2BB1554D008A3B6E /* DeckListViewController.swift */ = {isa = PBXFileReference; lastKnownFileType = sourcecode.swift; path = DeckListViewController.swift; sourceTree = "<group>"; };
		18AE7ED22BB1554D008A3B6E /* Memorize.xcdatamodel */ = {isa = PBXFileReference; lastKnownFileType = wrapper.xcdatamodel; path = Memorize.xcdatamodel; sourceTree = "<group>"; };
		18AE7ED42BB1554F008A3B6E /* Assets.xcassets */ = {isa = PBXFileReference; lastKnownFileType = folder.assetcatalog; path = Assets.xcassets; sourceTree = "<group>"; };
		18AE7ED72BB1554F008A3B6E /* Base */ = {isa = PBXFileReference; lastKnownFileType = file.storyboard; name = Base; path = Base.lproj/LaunchScreen.storyboard; sourceTree = "<group>"; };
		18AE7ED92BB1554F008A3B6E /* Info.plist */ = {isa = PBXFileReference; lastKnownFileType = text.plist.xml; path = Info.plist; sourceTree = "<group>"; };
		18AE7EE72BB1674C008A3B6E /* DeckTableViewCell.swift */ = {isa = PBXFileReference; lastKnownFileType = sourcecode.swift; path = DeckTableViewCell.swift; sourceTree = "<group>"; };
		18AE7EEA2BB169D5008A3B6E /* UIViewPreview.swift */ = {isa = PBXFileReference; lastKnownFileType = sourcecode.swift; path = UIViewPreview.swift; sourceTree = "<group>"; };
		18AE7EEC2BB16AB8008A3B6E /* UIViewControllerPreview.swift */ = {isa = PBXFileReference; lastKnownFileType = sourcecode.swift; path = UIViewControllerPreview.swift; sourceTree = "<group>"; };
		18AE7EF22BB1705E008A3B6E /* AppResource.swift */ = {isa = PBXFileReference; lastKnownFileType = sourcecode.swift; path = AppResource.swift; sourceTree = "<group>"; };
/* End PBXFileReference section */

/* Begin PBXFrameworksBuildPhase section */
		18AE7EC22BB1554D008A3B6E /* Frameworks */ = {
			isa = PBXFrameworksBuildPhase;
			buildActionMask = 2147483647;
			files = (
				18AE7EF02BB16D53008A3B6E /* SnapKit in Frameworks */,
			);
			runOnlyForDeploymentPostprocessing = 0;
		};
/* End PBXFrameworksBuildPhase section */

/* Begin PBXGroup section */
		18AE7EBC2BB1554D008A3B6E = {
			isa = PBXGroup;
			children = (
				18AE7EC72BB1554D008A3B6E /* Memorize */,
				18AE7EC62BB1554D008A3B6E /* Products */,
			);
			sourceTree = "<group>";
		};
		18AE7EC62BB1554D008A3B6E /* Products */ = {
			isa = PBXGroup;
			children = (
				18AE7EC52BB1554D008A3B6E /* Memorize.app */,
			);
			name = Products;
			sourceTree = "<group>";
		};
		18AE7EC72BB1554D008A3B6E /* Memorize */ = {
			isa = PBXGroup;
			children = (
				18AE7EF12BB1704D008A3B6E /* Resource */,
				18AE7EE92BB169C2008A3B6E /* Preview */,
				18AE7EDF2BB165C5008A3B6E /* Page */,
				18AE7EC82BB1554D008A3B6E /* AppDelegate.swift */,
				18AE7ECA2BB1554D008A3B6E /* SceneDelegate.swift */,
				18AE7ED42BB1554F008A3B6E /* Assets.xcassets */,
				18AE7ED62BB1554F008A3B6E /* LaunchScreen.storyboard */,
				18AE7ED92BB1554F008A3B6E /* Info.plist */,
				18AE7ED12BB1554D008A3B6E /* Memorize.xcdatamodeld */,
			);
			path = Memorize;
			sourceTree = "<group>";
		};
		18AE7EDF2BB165C5008A3B6E /* Page */ = {
			isa = PBXGroup;
			children = (
				18AE7EE52BB1664B008A3B6E /* FontBottomSheetPage */,
				18AE7EE42BB1662D008A3B6E /* CardAddBottomSheetPage */,
				18AE7EE32BB1661A008A3B6E /* MemorizePage */,
				18AE7EE22BB165F3008A3B6E /* CardListPage */,
				18AE7EE12BB165D5008A3B6E /* DeckAddBottomSheetPage */,
				18AE7EE02BB165D0008A3B6E /* DeckListPage */,
			);
			path = Page;
			sourceTree = "<group>";
		};
		18AE7EE02BB165D0008A3B6E /* DeckListPage */ = {
			isa = PBXGroup;
			children = (
				18AE7EE62BB16734008A3B6E /* View */,
				18AE7ECC2BB1554D008A3B6E /* DeckListViewController.swift */,
			);
			path = DeckListPage;
			sourceTree = "<group>";
		};
		18AE7EE12BB165D5008A3B6E /* DeckAddBottomSheetPage */ = {
			isa = PBXGroup;
			children = (
			);
			path = DeckAddBottomSheetPage;
			sourceTree = "<group>";
		};
		18AE7EE22BB165F3008A3B6E /* CardListPage */ = {
			isa = PBXGroup;
			children = (
			);
			path = CardListPage;
			sourceTree = "<group>";
		};
		18AE7EE32BB1661A008A3B6E /* MemorizePage */ = {
			isa = PBXGroup;
			children = (
			);
			path = MemorizePage;
			sourceTree = "<group>";
		};
		18AE7EE42BB1662D008A3B6E /* CardAddBottomSheetPage */ = {
			isa = PBXGroup;
			children = (
			);
			path = CardAddBottomSheetPage;
			sourceTree = "<group>";
		};
		18AE7EE52BB1664B008A3B6E /* FontBottomSheetPage */ = {
			isa = PBXGroup;
			children = (
			);
			path = FontBottomSheetPage;
			sourceTree = "<group>";
		};
		18AE7EE62BB16734008A3B6E /* View */ = {
			isa = PBXGroup;
			children = (
				18AE7EE72BB1674C008A3B6E /* DeckTableViewCell.swift */,
			);
			path = View;
			sourceTree = "<group>";
		};
		18AE7EE92BB169C2008A3B6E /* Preview */ = {
			isa = PBXGroup;
			children = (
				18AE7EEA2BB169D5008A3B6E /* UIViewPreview.swift */,
				18AE7EEC2BB16AB8008A3B6E /* UIViewControllerPreview.swift */,
			);
			path = Preview;
			sourceTree = "<group>";
		};
		18AE7EF12BB1704D008A3B6E /* Resource */ = {
			isa = PBXGroup;
			children = (
				18AE7EF22BB1705E008A3B6E /* AppResource.swift */,
			);
			path = Resource;
			sourceTree = "<group>";
		};
/* End PBXGroup section */

/* Begin PBXNativeTarget section */
		18AE7EC42BB1554D008A3B6E /* Memorize */ = {
			isa = PBXNativeTarget;
			buildConfigurationList = 18AE7EDC2BB1554F008A3B6E /* Build configuration list for PBXNativeTarget "Memorize" */;
			buildPhases = (
				18AE7EC12BB1554D008A3B6E /* Sources */,
				18AE7EC22BB1554D008A3B6E /* Frameworks */,
				18AE7EC32BB1554D008A3B6E /* Resources */,
			);
			buildRules = (
			);
			dependencies = (
			);
			name = Memorize;
			packageProductDependencies = (
				18AE7EEF2BB16D53008A3B6E /* SnapKit */,
			);
			productName = Memorize;
			productReference = 18AE7EC52BB1554D008A3B6E /* Memorize.app */;
			productType = "com.apple.product-type.application";
		};
/* End PBXNativeTarget section */

/* Begin PBXProject section */
		18AE7EBD2BB1554D008A3B6E /* Project object */ = {
			isa = PBXProject;
			attributes = {
				BuildIndependentTargetsInParallel = 1;
				LastSwiftUpdateCheck = 1430;
				LastUpgradeCheck = 1430;
				TargetAttributes = {
					18AE7EC42BB1554D008A3B6E = {
						CreatedOnToolsVersion = 14.3.1;
					};
				};
			};
			buildConfigurationList = 18AE7EC02BB1554D008A3B6E /* Build configuration list for PBXProject "Memorize" */;
			compatibilityVersion = "Xcode 14.0";
			developmentRegion = en;
			hasScannedForEncodings = 0;
			knownRegions = (
				en,
				Base,
			);
			mainGroup = 18AE7EBC2BB1554D008A3B6E;
			packageReferences = (
				18AE7EEE2BB16D53008A3B6E /* XCRemoteSwiftPackageReference "SnapKit" */,
			);
			productRefGroup = 18AE7EC62BB1554D008A3B6E /* Products */;
			projectDirPath = "";
			projectRoot = "";
			targets = (
				18AE7EC42BB1554D008A3B6E /* Memorize */,
			);
		};
/* End PBXProject section */

/* Begin PBXResourcesBuildPhase section */
		18AE7EC32BB1554D008A3B6E /* Resources */ = {
			isa = PBXResourcesBuildPhase;
			buildActionMask = 2147483647;
			files = (
				18AE7ED82BB1554F008A3B6E /* LaunchScreen.storyboard in Resources */,
				18AE7ED52BB1554F008A3B6E /* Assets.xcassets in Resources */,
			);
			runOnlyForDeploymentPostprocessing = 0;
		};
/* End PBXResourcesBuildPhase section */

/* Begin PBXSourcesBuildPhase section */
		18AE7EC12BB1554D008A3B6E /* Sources */ = {
			isa = PBXSourcesBuildPhase;
			buildActionMask = 2147483647;
			files = (
				18AE7ECD2BB1554D008A3B6E /* DeckListViewController.swift in Sources */,
				18AE7EE82BB1674C008A3B6E /* DeckTableViewCell.swift in Sources */,
				18AE7ED32BB1554D008A3B6E /* Memorize.xcdatamodeld in Sources */,
				18AE7EC92BB1554D008A3B6E /* AppDelegate.swift in Sources */,
				18AE7EEB2BB169D5008A3B6E /* UIViewPreview.swift in Sources */,
				18AE7EF32BB1705E008A3B6E /* AppResource.swift in Sources */,
				18AE7ECB2BB1554D008A3B6E /* SceneDelegate.swift in Sources */,
				18AE7EED2BB16AB8008A3B6E /* UIViewControllerPreview.swift in Sources */,
			);
			runOnlyForDeploymentPostprocessing = 0;
		};
/* End PBXSourcesBuildPhase section */

/* Begin PBXVariantGroup section */
		18AE7ED62BB1554F008A3B6E /* LaunchScreen.storyboard */ = {
			isa = PBXVariantGroup;
			children = (
				18AE7ED72BB1554F008A3B6E /* Base */,
			);
			name = LaunchScreen.storyboard;
			sourceTree = "<group>";
		};
/* End PBXVariantGroup section */

/* Begin XCBuildConfiguration section */
		18AE7EDA2BB1554F008A3B6E /* Debug */ = {
			isa = XCBuildConfiguration;
			buildSettings = {
				ALWAYS_SEARCH_USER_PATHS = NO;
				CLANG_ANALYZER_NONNULL = YES;
				CLANG_ANALYZER_NUMBER_OBJECT_CONVERSION = YES_AGGRESSIVE;
				CLANG_CXX_LANGUAGE_STANDARD = "gnu++20";
				CLANG_ENABLE_MODULES = YES;
				CLANG_ENABLE_OBJC_ARC = YES;
				CLANG_ENABLE_OBJC_WEAK = YES;
				CLANG_WARN_BLOCK_CAPTURE_AUTORELEASING = YES;
				CLANG_WARN_BOOL_CONVERSION = YES;
				CLANG_WARN_COMMA = YES;
				CLANG_WARN_CONSTANT_CONVERSION = YES;
				CLANG_WARN_DEPRECATED_OBJC_IMPLEMENTATIONS = YES;
				CLANG_WARN_DIRECT_OBJC_ISA_USAGE = YES_ERROR;
				CLANG_WARN_DOCUMENTATION_COMMENTS = YES;
				CLANG_WARN_EMPTY_BODY = YES;
				CLANG_WARN_ENUM_CONVERSION = YES;
				CLANG_WARN_INFINITE_RECURSION = YES;
				CLANG_WARN_INT_CONVERSION = YES;
				CLANG_WARN_NON_LITERAL_NULL_CONVERSION = YES;
				CLANG_WARN_OBJC_IMPLICIT_RETAIN_SELF = YES;
				CLANG_WARN_OBJC_LITERAL_CONVERSION = YES;
				CLANG_WARN_OBJC_ROOT_CLASS = YES_ERROR;
				CLANG_WARN_QUOTED_INCLUDE_IN_FRAMEWORK_HEADER = YES;
				CLANG_WARN_RANGE_LOOP_ANALYSIS = YES;
				CLANG_WARN_STRICT_PROTOTYPES = YES;
				CLANG_WARN_SUSPICIOUS_MOVE = YES;
				CLANG_WARN_UNGUARDED_AVAILABILITY = YES_AGGRESSIVE;
				CLANG_WARN_UNREACHABLE_CODE = YES;
				CLANG_WARN__DUPLICATE_METHOD_MATCH = YES;
				COPY_PHASE_STRIP = NO;
				DEBUG_INFORMATION_FORMAT = dwarf;
				ENABLE_STRICT_OBJC_MSGSEND = YES;
				ENABLE_TESTABILITY = YES;
				GCC_C_LANGUAGE_STANDARD = gnu11;
				GCC_DYNAMIC_NO_PIC = NO;
				GCC_NO_COMMON_BLOCKS = YES;
				GCC_OPTIMIZATION_LEVEL = 0;
				GCC_PREPROCESSOR_DEFINITIONS = (
					"DEBUG=1",
					"$(inherited)",
				);
				GCC_WARN_64_TO_32_BIT_CONVERSION = YES;
				GCC_WARN_ABOUT_RETURN_TYPE = YES_ERROR;
				GCC_WARN_UNDECLARED_SELECTOR = YES;
				GCC_WARN_UNINITIALIZED_AUTOS = YES_AGGRESSIVE;
				GCC_WARN_UNUSED_FUNCTION = YES;
				GCC_WARN_UNUSED_VARIABLE = YES;
				IPHONEOS_DEPLOYMENT_TARGET = 16.4;
				MTL_ENABLE_DEBUG_INFO = INCLUDE_SOURCE;
				MTL_FAST_MATH = YES;
				ONLY_ACTIVE_ARCH = YES;
				SDKROOT = iphoneos;
				SWIFT_ACTIVE_COMPILATION_CONDITIONS = DEBUG;
				SWIFT_OPTIMIZATION_LEVEL = "-Onone";
			};
			name = Debug;
		};
		18AE7EDB2BB1554F008A3B6E /* Release */ = {
			isa = XCBuildConfiguration;
			buildSettings = {
				ALWAYS_SEARCH_USER_PATHS = NO;
				CLANG_ANALYZER_NONNULL = YES;
				CLANG_ANALYZER_NUMBER_OBJECT_CONVERSION = YES_AGGRESSIVE;
				CLANG_CXX_LANGUAGE_STANDARD = "gnu++20";
				CLANG_ENABLE_MODULES = YES;
				CLANG_ENABLE_OBJC_ARC = YES;
				CLANG_ENABLE_OBJC_WEAK = YES;
				CLANG_WARN_BLOCK_CAPTURE_AUTORELEASING = YES;
				CLANG_WARN_BOOL_CONVERSION = YES;
				CLANG_WARN_COMMA = YES;
				CLANG_WARN_CONSTANT_CONVERSION = YES;
				CLANG_WARN_DEPRECATED_OBJC_IMPLEMENTATIONS = YES;
				CLANG_WARN_DIRECT_OBJC_ISA_USAGE = YES_ERROR;
				CLANG_WARN_DOCUMENTATION_COMMENTS = YES;
				CLANG_WARN_EMPTY_BODY = YES;
				CLANG_WARN_ENUM_CONVERSION = YES;
				CLANG_WARN_INFINITE_RECURSION = YES;
				CLANG_WARN_INT_CONVERSION = YES;
				CLANG_WARN_NON_LITERAL_NULL_CONVERSION = YES;
				CLANG_WARN_OBJC_IMPLICIT_RETAIN_SELF = YES;
				CLANG_WARN_OBJC_LITERAL_CONVERSION = YES;
				CLANG_WARN_OBJC_ROOT_CLASS = YES_ERROR;
				CLANG_WARN_QUOTED_INCLUDE_IN_FRAMEWORK_HEADER = YES;
				CLANG_WARN_RANGE_LOOP_ANALYSIS = YES;
				CLANG_WARN_STRICT_PROTOTYPES = YES;
				CLANG_WARN_SUSPICIOUS_MOVE = YES;
				CLANG_WARN_UNGUARDED_AVAILABILITY = YES_AGGRESSIVE;
				CLANG_WARN_UNREACHABLE_CODE = YES;
				CLANG_WARN__DUPLICATE_METHOD_MATCH = YES;
				COPY_PHASE_STRIP = NO;
				DEBUG_INFORMATION_FORMAT = "dwarf-with-dsym";
				ENABLE_NS_ASSERTIONS = NO;
				ENABLE_STRICT_OBJC_MSGSEND = YES;
				GCC_C_LANGUAGE_STANDARD = gnu11;
				GCC_NO_COMMON_BLOCKS = YES;
				GCC_WARN_64_TO_32_BIT_CONVERSION = YES;
				GCC_WARN_ABOUT_RETURN_TYPE = YES_ERROR;
				GCC_WARN_UNDECLARED_SELECTOR = YES;
				GCC_WARN_UNINITIALIZED_AUTOS = YES_AGGRESSIVE;
				GCC_WARN_UNUSED_FUNCTION = YES;
				GCC_WARN_UNUSED_VARIABLE = YES;
				IPHONEOS_DEPLOYMENT_TARGET = 16.4;
				MTL_ENABLE_DEBUG_INFO = NO;
				MTL_FAST_MATH = YES;
				SDKROOT = iphoneos;
				SWIFT_COMPILATION_MODE = wholemodule;
				SWIFT_OPTIMIZATION_LEVEL = "-O";
				VALIDATE_PRODUCT = YES;
			};
			name = Release;
		};
		18AE7EDD2BB1554F008A3B6E /* Debug */ = {
			isa = XCBuildConfiguration;
			buildSettings = {
				ASSETCATALOG_COMPILER_APPICON_NAME = AppIcon;
				ASSETCATALOG_COMPILER_GLOBAL_ACCENT_COLOR_NAME = AccentColor;
				CODE_SIGN_STYLE = Automatic;
				CURRENT_PROJECT_VERSION = 1;
				DEVELOPMENT_TEAM = 2YK85BG576;
				GENERATE_INFOPLIST_FILE = YES;
				INFOPLIST_FILE = Memorize/Info.plist;
				INFOPLIST_KEY_UIApplicationSupportsIndirectInputEvents = YES;
				INFOPLIST_KEY_UILaunchStoryboardName = LaunchScreen;
				INFOPLIST_KEY_UISupportedInterfaceOrientations_iPad = "UIInterfaceOrientationPortrait UIInterfaceOrientationPortraitUpsideDown UIInterfaceOrientationLandscapeLeft UIInterfaceOrientationLandscapeRight";
				INFOPLIST_KEY_UISupportedInterfaceOrientations_iPhone = "UIInterfaceOrientationPortrait UIInterfaceOrientationLandscapeLeft UIInterfaceOrientationLandscapeRight";
				LD_RUNPATH_SEARCH_PATHS = (
					"$(inherited)",
					"@executable_path/Frameworks",
				);
				MARKETING_VERSION = 1.0;
				PRODUCT_BUNDLE_IDENTIFIER = KD.Memorize;
				PRODUCT_NAME = "$(TARGET_NAME)";
				SWIFT_EMIT_LOC_STRINGS = YES;
				SWIFT_VERSION = 5.0;
				TARGETED_DEVICE_FAMILY = "1,2";
			};
			name = Debug;
		};
		18AE7EDE2BB1554F008A3B6E /* Release */ = {
			isa = XCBuildConfiguration;
			buildSettings = {
				ASSETCATALOG_COMPILER_APPICON_NAME = AppIcon;
				ASSETCATALOG_COMPILER_GLOBAL_ACCENT_COLOR_NAME = AccentColor;
				CODE_SIGN_STYLE = Automatic;
				CURRENT_PROJECT_VERSION = 1;
				DEVELOPMENT_TEAM = 2YK85BG576;
				GENERATE_INFOPLIST_FILE = YES;
				INFOPLIST_FILE = Memorize/Info.plist;
				INFOPLIST_KEY_UIApplicationSupportsIndirectInputEvents = YES;
				INFOPLIST_KEY_UILaunchStoryboardName = LaunchScreen;
				INFOPLIST_KEY_UISupportedInterfaceOrientations_iPad = "UIInterfaceOrientationPortrait UIInterfaceOrientationPortraitUpsideDown UIInterfaceOrientationLandscapeLeft UIInterfaceOrientationLandscapeRight";
				INFOPLIST_KEY_UISupportedInterfaceOrientations_iPhone = "UIInterfaceOrientationPortrait UIInterfaceOrientationLandscapeLeft UIInterfaceOrientationLandscapeRight";
				LD_RUNPATH_SEARCH_PATHS = (
					"$(inherited)",
					"@executable_path/Frameworks",
				);
				MARKETING_VERSION = 1.0;
				PRODUCT_BUNDLE_IDENTIFIER = KD.Memorize;
				PRODUCT_NAME = "$(TARGET_NAME)";
				SWIFT_EMIT_LOC_STRINGS = YES;
				SWIFT_VERSION = 5.0;
				TARGETED_DEVICE_FAMILY = "1,2";
			};
			name = Release;
		};
/* End XCBuildConfiguration section */

/* Begin XCConfigurationList section */
		18AE7EC02BB1554D008A3B6E /* Build configuration list for PBXProject "Memorize" */ = {
			isa = XCConfigurationList;
			buildConfigurations = (
				18AE7EDA2BB1554F008A3B6E /* Debug */,
				18AE7EDB2BB1554F008A3B6E /* Release */,
			);
			defaultConfigurationIsVisible = 0;
			defaultConfigurationName = Release;
		};
		18AE7EDC2BB1554F008A3B6E /* Build configuration list for PBXNativeTarget "Memorize" */ = {
			isa = XCConfigurationList;
			buildConfigurations = (
				18AE7EDD2BB1554F008A3B6E /* Debug */,
				18AE7EDE2BB1554F008A3B6E /* Release */,
			);
			defaultConfigurationIsVisible = 0;
			defaultConfigurationName = Release;
		};
/* End XCConfigurationList section */

/* Begin XCRemoteSwiftPackageReference section */
		18AE7EEE2BB16D53008A3B6E /* XCRemoteSwiftPackageReference "SnapKit" */ = {
			isa = XCRemoteSwiftPackageReference;
			repositoryURL = "https://github.com/SnapKit/SnapKit.git";
			requirement = {
				kind = upToNextMajorVersion;
				minimumVersion = 5.0.0;
			};
		};
/* End XCRemoteSwiftPackageReference section */

/* Begin XCSwiftPackageProductDependency section */
		18AE7EEF2BB16D53008A3B6E /* SnapKit */ = {
			isa = XCSwiftPackageProductDependency;
			package = 18AE7EEE2BB16D53008A3B6E /* XCRemoteSwiftPackageReference "SnapKit" */;
			productName = SnapKit;
		};
/* End XCSwiftPackageProductDependency section */

/* Begin XCVersionGroup section */
		18AE7ED12BB1554D008A3B6E /* Memorize.xcdatamodeld */ = {
			isa = XCVersionGroup;
			children = (
				18AE7ED22BB1554D008A3B6E /* Memorize.xcdatamodel */,
			);
			currentVersion = 18AE7ED22BB1554D008A3B6E /* Memorize.xcdatamodel */;
			path = Memorize.xcdatamodeld;
			sourceTree = "<group>";
			versionGroupType = wrapper.xcdatamodel;
		};
/* End XCVersionGroup section */
	};
	rootObject = 18AE7EBD2BB1554D008A3B6E /* Project object */;
}
